
Microsoft Visual Studio Solution File, Format Version 12.00
# Visual Studio Version 17
VisualStudioVersion = 17.11.35312.102
MinimumVisualStudioVersion = 10.0.40219.1
Project("{9A19103F-16F7-4668-BE54-9A1E7A4F7556}") = "BulkyWeb", "BulkyWeb\BulkyWeb.csproj", "{6354F0DC-051C-41F1-B79E-392E332450C1}"
EndProject
Project("{9A19103F-16F7-4668-BE54-9A1E7A4F7556}") = "BulkyWebRazor", "BulkyWebRazor\BulkyWebRazor.csproj", "{6486E9C2-F758-4564-A136-9B156196F79E}"
EndProject
Project("{FAE04EC0-301F-11D3-BF4B-00C04F79EFBC}") = "Bulky.DataAccess", "Bulky.DataAccess\Bulky.DataAccess.csproj", "{12DD0639-A86D-4494-9988-2E9B39A669B8}"
EndProject
Project("{FAE04EC0-301F-11D3-BF4B-00C04F79EFBC}") = "Bulky.Models", "Bulky.Models\Bulky.Models.csproj", "{9E098F47-D258-47EC-9F02-C67EEA1BEE85}"
EndProject
Project("{FAE04EC0-301F-11D3-BF4B-00C04F79EFBC}") = "Bulky.Utility", "Bulky.Utility\Bulky.Utility.csproj", "{E439F245-5005-48B2-BF0C-3DDDD0772A4A}"
EndProject
Global
	GlobalSection(SolutionConfigurationPlatforms) = preSolution
		Debug|Any CPU = Debug|Any CPU
		Release|Any CPU = Release|Any CPU
	EndGlobalSection
	GlobalSection(ProjectConfigurationPlatforms) = postSolution
		{6354F0DC-051C-41F1-B79E-392E332450C1}.Debug|Any CPU.ActiveCfg = Debug|Any CPU
		{6354F0DC-051C-41F1-B79E-392E332450C1}.Debug|Any CPU.Build.0 = Debug|Any CPU
		{6354F0DC-051C-41F1-B79E-392E332450C1}.Release|Any CPU.ActiveCfg = Release|Any CPU
		{6354F0DC-051C-41F1-B79E-392E332450C1}.Release|Any CPU.Build.0 = Release|Any CPU
		{6486E9C2-F758-4564-A136-9B156196F79E}.Debug|Any CPU.ActiveCfg = Debug|Any CPU
		{6486E9C2-F758-4564-A136-9B156196F79E}.Debug|Any CPU.Build.0 = Debug|Any CPU
		{6486E9C2-F758-4564-A136-9B156196F79E}.Release|Any CPU.ActiveCfg = Release|Any CPU
		{6486E9C2-F758-4564-A136-9B156196F79E}.Release|Any CPU.Build.0 = Release|Any CPU
		{12DD0639-A86D-4494-9988-2E9B39A669B8}.Debug|Any CPU.ActiveCfg = Debug|Any CPU
		{12DD0639-A86D-4494-9988-2E9B39A669B8}.Debug|Any CPU.Build.0 = Debug|Any CPU
		{12DD0639-A86D-4494-9988-2E9B39A669B8}.Release|Any CPU.ActiveCfg = Release|Any CPU
		{12DD0639-A86D-4494-9988-2E9B39A669B8}.Release|Any CPU.Build.0 = Release|Any CPU
		{9E098F47-D258-47EC-9F02-C67EEA1BEE85}.Debug|Any CPU.ActiveCfg = Debug|Any CPU
		{9E098F47-D258-47EC-9F02-C67EEA1BEE85}.Debug|Any CPU.Build.0 = Debug|Any CPU
		{9E098F47-D258-47EC-9F02-C67EEA1BEE85}.Release|Any CPU.ActiveCfg = Release|Any CPU
		{9E098F47-D258-47EC-9F02-C67EEA1BEE85}.Release|Any CPU.Build.0 = Release|Any CPU
		{E439F245-5005-48B2-BF0C-3DDDD0772A4A}.Debug|Any CPU.ActiveCfg = Debug|Any CPU
		{E439F245-5005-48B2-BF0C-3DDDD0772A4A}.Debug|Any CPU.Build.0 = Debug|Any CPU
		{E439F245-5005-48B2-BF0C-3DDDD0772A4A}.Release|Any CPU.ActiveCfg = Release|Any CPU
		{E439F245-5005-48B2-BF0C-3DDDD0772A4A}.Release|Any CPU.Build.0 = Release|Any CPU
	EndGlobalSection
	GlobalSection(SolutionProperties) = preSolution
		HideSolutionNode = FALSE
	EndGlobalSection
	GlobalSection(ExtensibilityGlobals) = postSolution
		SolutionGuid = {50384170-6EDB-4964-8E8B-CE783849C164}
	EndGlobalSection
EndGlobal
